
Microsoft Visual Studio Solution File, Format Version 12.00
# Visual Studio Version 17
VisualStudioVersion = 17.2.32630.192
MinimumVisualStudioVersion = 10.0.40219.1
Project("{9A19103F-16F7-4668-BE54-9A1E7A4F7556}") = "Chat", "Chat\Chat.csproj", "{7B67261A-2DD5-4724-9E9C-07A6198B36A8}"
EndProject
Project("{9A19103F-16F7-4668-BE54-9A1E7A4F7556}") = "Client", "Client\Client.csproj", "{6AAB4F3C-D989-412F-8DB7-422DFDA2CB46}"
EndProject
Project("{9A19103F-16F7-4668-BE54-9A1E7A4F7556}") = "Models", "Models\Models.csproj", "{20A22A88-90C9-4AAF-BBED-13E0B5110CAD}"
EndProject
Global
	GlobalSection(SolutionConfigurationPlatforms) = preSolution
		Debug|Any CPU = Debug|Any CPU
		Release|Any CPU = Release|Any CPU
	EndGlobalSection
	GlobalSection(ProjectConfigurationPlatforms) = postSolution
		{7B67261A-2DD5-4724-9E9C-07A6198B36A8}.Debug|Any CPU.ActiveCfg = Debug|Any CPU
		{7B67261A-2DD5-4724-9E9C-07A6198B36A8}.Debug|Any CPU.Build.0 = Debug|Any CPU
		{7B67261A-2DD5-4724-9E9C-07A6198B36A8}.Release|Any CPU.ActiveCfg = Release|Any CPU
		{7B67261A-2DD5-4724-9E9C-07A6198B36A8}.Release|Any CPU.Build.0 = Release|Any CPU
		{6AAB4F3C-D989-412F-8DB7-422DFDA2CB46}.Debug|Any CPU.ActiveCfg = Debug|Any CPU
		{6AAB4F3C-D989-412F-8DB7-422DFDA2CB46}.Debug|Any CPU.Build.0 = Debug|Any CPU
		{6AAB4F3C-D989-412F-8DB7-422DFDA2CB46}.Release|Any CPU.ActiveCfg = Release|Any CPU
		{6AAB4F3C-D989-412F-8DB7-422DFDA2CB46}.Release|Any CPU.Build.0 = Release|Any CPU
		{20A22A88-90C9-4AAF-BBED-13E0B5110CAD}.Debug|Any CPU.ActiveCfg = Debug|Any CPU
		{20A22A88-90C9-4AAF-BBED-13E0B5110CAD}.Debug|Any CPU.Build.0 = Debug|Any CPU
		{20A22A88-90C9-4AAF-BBED-13E0B5110CAD}.Release|Any CPU.ActiveCfg = Release|Any CPU
		{20A22A88-90C9-4AAF-BBED-13E0B5110CAD}.Release|Any CPU.Build.0 = Release|Any CPU
	EndGlobalSection
	GlobalSection(SolutionProperties) = preSolution
		HideSolutionNode = FALSE
	EndGlobalSection
	GlobalSection(ExtensibilityGlobals) = postSolution
		SolutionGuid = {E8D85CFB-A088-45E6-9163-0840BD142023}
	EndGlobalSection
EndGlobal
